
Microsoft Visual Studio Solution File, Format Version 12.00
# Visual Studio Version 17
VisualStudioVersion = 17.9.34728.123
MinimumVisualStudioVersion = 10.0.40219.1
Project("{FAE04EC0-301F-11D3-BF4B-00C04F79EFBC}") = "Odd and even checker", "Odd and even checker\Odd and even checker.csproj", "{E4CBFF23-615D-43D6-A20D-6779E77325A8}"
EndProject
Global
	GlobalSection(SolutionConfigurationPlatforms) = preSolution
		Debug|Any CPU = Debug|Any CPU
		Release|Any CPU = Release|Any CPU
	EndGlobalSection
	GlobalSection(ProjectConfigurationPlatforms) = postSolution
		{E4CBFF23-615D-43D6-A20D-6779E77325A8}.Debug|Any CPU.ActiveCfg = Debug|Any CPU
		{E4CBFF23-615D-43D6-A20D-6779E77325A8}.Debug|Any CPU.Build.0 = Debug|Any CPU
		{E4CBFF23-615D-43D6-A20D-6779E77325A8}.Release|Any CPU.ActiveCfg = Release|Any CPU
		{E4CBFF23-615D-43D6-A20D-6779E77325A8}.Release|Any CPU.Build.0 = Release|Any CPU
	EndGlobalSection
	GlobalSection(SolutionProperties) = preSolution
		HideSolutionNode = FALSE
	EndGlobalSection
	GlobalSection(ExtensibilityGlobals) = postSolution
		SolutionGuid = {4BE74D1D-582F-4DF7-8709-CFF2D6BA8F51}
	EndGlobalSection
EndGlobal
